
Microsoft Visual Studio Solution File, Format Version 12.00
# Visual Studio Version 17
VisualStudioVersion = 17.12.35707.178
MinimumVisualStudioVersion = 10.0.40219.1
Project("{2150E333-8FDC-42A3-9474-1A3956D46DE8}") = "Src", "Src", "{714673A9-C1B7-4728-87EA-19EF4950DD24}"
EndProject
Project("{2150E333-8FDC-42A3-9474-1A3956D46DE8}") = "Core", "Core", "{E5A3C372-D028-49D2-B9E6-49BA7AB0878B}"
EndProject
Project("{2150E333-8FDC-42A3-9474-1A3956D46DE8}") = "Tests", "Tests", "{BE66FDB0-2721-466B-954F-1392E2DCBBFC}"
EndProject
Project("{2150E333-8FDC-42A3-9474-1A3956D46DE8}") = "Web", "Web", "{B738C6B7-6CE9-4703-8677-D4814502FE2C}"
EndProject
Project("{2150E333-8FDC-42A3-9474-1A3956D46DE8}") = "Shared", "Shared", "{41CF574C-4584-45B8-86AA-0A36345E0E11}"
EndProject
Project("{FAE04EC0-301F-11D3-BF4B-00C04F79EFBC}") = "Dinet.Application", "Dinet.Application\Dinet.Application.csproj", "{CF3140F2-9DDB-4774-9895-0F9757B743A3}"
EndProject
Project("{FAE04EC0-301F-11D3-BF4B-00C04F79EFBC}") = "Dinet.Domain", "Dinet.Domain\Dinet.Domain.csproj", "{626585CA-8A6F-4408-95D5-2E08AF0F067D}"
EndProject
Project("{FAE04EC0-301F-11D3-BF4B-00C04F79EFBC}") = "Dinet.Infrastructure", "Dinet.Infrastructure\Dinet.Infrastructure.csproj", "{25797757-21D1-4E8B-8A0C-EEE17BA8489B}"
EndProject
Project("{FAE04EC0-301F-11D3-BF4B-00C04F79EFBC}") = "Dinet.Web", "Dinet.Web\Dinet.Web.csproj", "{5EDAA314-C7F4-4236-8073-3D6E7B7902BC}"
EndProject
Project("{FAE04EC0-301F-11D3-BF4B-00C04F79EFBC}") = "Dinet.Tests", "Dinet.Tests\Dinet.Tests.csproj", "{D56A7039-C7C0-4FBB-801E-D48C72131E7B}"
EndProject
Global
	GlobalSection(SolutionConfigurationPlatforms) = preSolution
		Debug|Any CPU = Debug|Any CPU
		Release|Any CPU = Release|Any CPU
	EndGlobalSection
	GlobalSection(ProjectConfigurationPlatforms) = postSolution
		{CF3140F2-9DDB-4774-9895-0F9757B743A3}.Debug|Any CPU.ActiveCfg = Debug|Any CPU
		{CF3140F2-9DDB-4774-9895-0F9757B743A3}.Debug|Any CPU.Build.0 = Debug|Any CPU
		{CF3140F2-9DDB-4774-9895-0F9757B743A3}.Release|Any CPU.ActiveCfg = Release|Any CPU
		{CF3140F2-9DDB-4774-9895-0F9757B743A3}.Release|Any CPU.Build.0 = Release|Any CPU
		{626585CA-8A6F-4408-95D5-2E08AF0F067D}.Debug|Any CPU.ActiveCfg = Debug|Any CPU
		{626585CA-8A6F-4408-95D5-2E08AF0F067D}.Debug|Any CPU.Build.0 = Debug|Any CPU
		{626585CA-8A6F-4408-95D5-2E08AF0F067D}.Release|Any CPU.ActiveCfg = Release|Any CPU
		{626585CA-8A6F-4408-95D5-2E08AF0F067D}.Release|Any CPU.Build.0 = Release|Any CPU
		{25797757-21D1-4E8B-8A0C-EEE17BA8489B}.Debug|Any CPU.ActiveCfg = Debug|Any CPU
		{25797757-21D1-4E8B-8A0C-EEE17BA8489B}.Debug|Any CPU.Build.0 = Debug|Any CPU
		{25797757-21D1-4E8B-8A0C-EEE17BA8489B}.Release|Any CPU.ActiveCfg = Release|Any CPU
		{25797757-21D1-4E8B-8A0C-EEE17BA8489B}.Release|Any CPU.Build.0 = Release|Any CPU
		{5EDAA314-C7F4-4236-8073-3D6E7B7902BC}.Debug|Any CPU.ActiveCfg = Debug|Any CPU
		{5EDAA314-C7F4-4236-8073-3D6E7B7902BC}.Debug|Any CPU.Build.0 = Debug|Any CPU
		{5EDAA314-C7F4-4236-8073-3D6E7B7902BC}.Release|Any CPU.ActiveCfg = Release|Any CPU
		{5EDAA314-C7F4-4236-8073-3D6E7B7902BC}.Release|Any CPU.Build.0 = Release|Any CPU
		{D56A7039-C7C0-4FBB-801E-D48C72131E7B}.Debug|Any CPU.ActiveCfg = Debug|Any CPU
		{D56A7039-C7C0-4FBB-801E-D48C72131E7B}.Debug|Any CPU.Build.0 = Debug|Any CPU
		{D56A7039-C7C0-4FBB-801E-D48C72131E7B}.Release|Any CPU.ActiveCfg = Release|Any CPU
		{D56A7039-C7C0-4FBB-801E-D48C72131E7B}.Release|Any CPU.Build.0 = Release|Any CPU
	EndGlobalSection
	GlobalSection(SolutionProperties) = preSolution
		HideSolutionNode = FALSE
	EndGlobalSection
	GlobalSection(NestedProjects) = preSolution
		{E5A3C372-D028-49D2-B9E6-49BA7AB0878B} = {714673A9-C1B7-4728-87EA-19EF4950DD24}
		{BE66FDB0-2721-466B-954F-1392E2DCBBFC} = {714673A9-C1B7-4728-87EA-19EF4950DD24}
		{B738C6B7-6CE9-4703-8677-D4814502FE2C} = {714673A9-C1B7-4728-87EA-19EF4950DD24}
		{41CF574C-4584-45B8-86AA-0A36345E0E11} = {714673A9-C1B7-4728-87EA-19EF4950DD24}
		{CF3140F2-9DDB-4774-9895-0F9757B743A3} = {E5A3C372-D028-49D2-B9E6-49BA7AB0878B}
		{626585CA-8A6F-4408-95D5-2E08AF0F067D} = {E5A3C372-D028-49D2-B9E6-49BA7AB0878B}
		{25797757-21D1-4E8B-8A0C-EEE17BA8489B} = {E5A3C372-D028-49D2-B9E6-49BA7AB0878B}
		{5EDAA314-C7F4-4236-8073-3D6E7B7902BC} = {B738C6B7-6CE9-4703-8677-D4814502FE2C}
		{D56A7039-C7C0-4FBB-801E-D48C72131E7B} = {BE66FDB0-2721-466B-954F-1392E2DCBBFC}
	EndGlobalSection
EndGlobal
